
Microsoft Visual Studio Solution File, Format Version 12.00
# Visual Studio 15
VisualStudioVersion = 15.0.28307.572
MinimumVisualStudioVersion = 10.0.40219.1
Project("{9A19103F-16F7-4668-BE54-9A1E7A4F7556}") = "AjsDeviceServer", "DeviceServer\AjsDeviceServer.csproj", "{B1885C2F-6020-4572-A980-DEF260376C46}"
EndProject
Project("{9A19103F-16F7-4668-BE54-9A1E7A4F7556}") = "TsjDeviceServer", "TsjDeviceServer\TsjDeviceServer.csproj", "{5B4DF375-EC1C-4215-AF9B-105EA2869AEB}"
EndProject
Project("{9A19103F-16F7-4668-BE54-9A1E7A4F7556}") = "TsjWebApi", "TsjWebApi\TsjWebApi.csproj", "{A9E84B00-EC2D-41F0-9C4F-97D96857C83F}"
EndProject
Project("{9A19103F-16F7-4668-BE54-9A1E7A4F7556}") = "Common", "Common\Common.csproj", "{C11AD880-3908-44D6-926D-4E9A5DCA4AA6}"
EndProject
Project("{9A19103F-16F7-4668-BE54-9A1E7A4F7556}") = "TestSubscrible", "TestSubscrible\TestSubscrible.csproj", "{79A65FFE-79EB-4481-B5E1-24D81319A3C2}"
EndProject
Project("{9A19103F-16F7-4668-BE54-9A1E7A4F7556}") = "Logger", "Logger\Logger.csproj", "{6A472524-1391-4689-BA63-9005A77AF80E}"
EndProject
Project("{9A19103F-16F7-4668-BE54-9A1E7A4F7556}") = "DeviceSession", "DeviceSession\DeviceSession.csproj", "{D8CE0D02-4A94-4E3E-BADA-89408BCF43D1}"
EndProject
Project("{9A19103F-16F7-4668-BE54-9A1E7A4F7556}") = "HhDeviceServer", "HhDeviceServer\HhDeviceServer.csproj", "{7704656E-73E8-4EAE-A614-8539B0BB8F6F}"
EndProject
Project("{9A19103F-16F7-4668-BE54-9A1E7A4F7556}") = "testSrv", "testSrv\testSrv.csproj", "{4B74FFFD-8451-4496-A5AE-3902A71755DF}"
EndProject
Project("{9A19103F-16F7-4668-BE54-9A1E7A4F7556}") = "testClt", "testClt\testClt.csproj", "{B10294B2-535F-48DB-ABD5-EF5C886382DE}"
EndProject
Global
	GlobalSection(SolutionConfigurationPlatforms) = preSolution
		Debug|Any CPU = Debug|Any CPU
		Release|Any CPU = Release|Any CPU
	EndGlobalSection
	GlobalSection(ProjectConfigurationPlatforms) = postSolution
		{B1885C2F-6020-4572-A980-DEF260376C46}.Debug|Any CPU.ActiveCfg = Debug|Any CPU
		{B1885C2F-6020-4572-A980-DEF260376C46}.Debug|Any CPU.Build.0 = Debug|Any CPU
		{B1885C2F-6020-4572-A980-DEF260376C46}.Release|Any CPU.ActiveCfg = Release|Any CPU
		{B1885C2F-6020-4572-A980-DEF260376C46}.Release|Any CPU.Build.0 = Release|Any CPU
		{5B4DF375-EC1C-4215-AF9B-105EA2869AEB}.Debug|Any CPU.ActiveCfg = Debug|Any CPU
		{5B4DF375-EC1C-4215-AF9B-105EA2869AEB}.Debug|Any CPU.Build.0 = Debug|Any CPU
		{5B4DF375-EC1C-4215-AF9B-105EA2869AEB}.Release|Any CPU.ActiveCfg = Release|Any CPU
		{5B4DF375-EC1C-4215-AF9B-105EA2869AEB}.Release|Any CPU.Build.0 = Release|Any CPU
		{A9E84B00-EC2D-41F0-9C4F-97D96857C83F}.Debug|Any CPU.ActiveCfg = Debug|Any CPU
		{A9E84B00-EC2D-41F0-9C4F-97D96857C83F}.Debug|Any CPU.Build.0 = Debug|Any CPU
		{A9E84B00-EC2D-41F0-9C4F-97D96857C83F}.Release|Any CPU.ActiveCfg = Release|Any CPU
		{A9E84B00-EC2D-41F0-9C4F-97D96857C83F}.Release|Any CPU.Build.0 = Release|Any CPU
		{C11AD880-3908-44D6-926D-4E9A5DCA4AA6}.Debug|Any CPU.ActiveCfg = Debug|Any CPU
		{C11AD880-3908-44D6-926D-4E9A5DCA4AA6}.Debug|Any CPU.Build.0 = Debug|Any CPU
		{C11AD880-3908-44D6-926D-4E9A5DCA4AA6}.Release|Any CPU.ActiveCfg = Release|Any CPU
		{C11AD880-3908-44D6-926D-4E9A5DCA4AA6}.Release|Any CPU.Build.0 = Release|Any CPU
		{79A65FFE-79EB-4481-B5E1-24D81319A3C2}.Debug|Any CPU.ActiveCfg = Debug|Any CPU
		{79A65FFE-79EB-4481-B5E1-24D81319A3C2}.Debug|Any CPU.Build.0 = Debug|Any CPU
		{79A65FFE-79EB-4481-B5E1-24D81319A3C2}.Release|Any CPU.ActiveCfg = Release|Any CPU
		{79A65FFE-79EB-4481-B5E1-24D81319A3C2}.Release|Any CPU.Build.0 = Release|Any CPU
		{6A472524-1391-4689-BA63-9005A77AF80E}.Debug|Any CPU.ActiveCfg = Debug|Any CPU
		{6A472524-1391-4689-BA63-9005A77AF80E}.Debug|Any CPU.Build.0 = Debug|Any CPU
		{6A472524-1391-4689-BA63-9005A77AF80E}.Release|Any CPU.ActiveCfg = Release|Any CPU
		{6A472524-1391-4689-BA63-9005A77AF80E}.Release|Any CPU.Build.0 = Release|Any CPU
		{D8CE0D02-4A94-4E3E-BADA-89408BCF43D1}.Debug|Any CPU.ActiveCfg = Debug|Any CPU
		{D8CE0D02-4A94-4E3E-BADA-89408BCF43D1}.Debug|Any CPU.Build.0 = Debug|Any CPU
		{D8CE0D02-4A94-4E3E-BADA-89408BCF43D1}.Release|Any CPU.ActiveCfg = Release|Any CPU
		{D8CE0D02-4A94-4E3E-BADA-89408BCF43D1}.Release|Any CPU.Build.0 = Release|Any CPU
		{7704656E-73E8-4EAE-A614-8539B0BB8F6F}.Debug|Any CPU.ActiveCfg = Debug|Any CPU
		{7704656E-73E8-4EAE-A614-8539B0BB8F6F}.Debug|Any CPU.Build.0 = Debug|Any CPU
		{7704656E-73E8-4EAE-A614-8539B0BB8F6F}.Release|Any CPU.ActiveCfg = Release|Any CPU
		{7704656E-73E8-4EAE-A614-8539B0BB8F6F}.Release|Any CPU.Build.0 = Release|Any CPU
		{4B74FFFD-8451-4496-A5AE-3902A71755DF}.Debug|Any CPU.ActiveCfg = Debug|Any CPU
		{4B74FFFD-8451-4496-A5AE-3902A71755DF}.Debug|Any CPU.Build.0 = Debug|Any CPU
		{4B74FFFD-8451-4496-A5AE-3902A71755DF}.Release|Any CPU.ActiveCfg = Release|Any CPU
		{4B74FFFD-8451-4496-A5AE-3902A71755DF}.Release|Any CPU.Build.0 = Release|Any CPU
		{B10294B2-535F-48DB-ABD5-EF5C886382DE}.Debug|Any CPU.ActiveCfg = Debug|Any CPU
		{B10294B2-535F-48DB-ABD5-EF5C886382DE}.Debug|Any CPU.Build.0 = Debug|Any CPU
		{B10294B2-535F-48DB-ABD5-EF5C886382DE}.Release|Any CPU.ActiveCfg = Release|Any CPU
		{B10294B2-535F-48DB-ABD5-EF5C886382DE}.Release|Any CPU.Build.0 = Release|Any CPU
	EndGlobalSection
	GlobalSection(SolutionProperties) = preSolution
		HideSolutionNode = FALSE
	EndGlobalSection
	GlobalSection(ExtensibilityGlobals) = postSolution
		SolutionGuid = {D2048D58-8315-41E7-868B-2AA388290416}
	EndGlobalSection
EndGlobal
