
Microsoft Visual Studio Solution File, Format Version 12.00
# Visual Studio 15
VisualStudioVersion = 15.0.26228.9
MinimumVisualStudioVersion = 10.0.40219.1
Project("{2150E333-8FDC-42A3-9474-1A3956D46DE8}") = "src", "src", "{AFAA0841-BD93-466F-B8F4-FB4EEC86F1FC}"
EndProject
Project("{9A19103F-16F7-4668-BE54-9A1E7A4F7556}") = "FireProtectionV1.Web", "src\FireProtectionV1.Web\FireProtectionV1.Web.csproj", "{A2213374-BB48-48FD-BBD4-81E6A961D866}"
EndProject
Project("{9A19103F-16F7-4668-BE54-9A1E7A4F7556}") = "FireProtectionV1.Core", "src\FireProtectionV1.Core\FireProtectionV1.Core.csproj", "{0FA75A5B-AB83-4FD0-B545-279774C01E87}"
EndProject
Project("{9A19103F-16F7-4668-BE54-9A1E7A4F7556}") = "FireProtectionV1.Application", "src\FireProtectionV1.Application\FireProtectionV1.Application.csproj", "{3870C648-4AEA-4B85-BA3F-F2F63B96136A}"
EndProject
Project("{9A19103F-16F7-4668-BE54-9A1E7A4F7556}") = "FireProtectionV1.EntityFrameworkCore", "src\FireProtectionV1.EntityFrameworkCore\FireProtectionV1.EntityFrameworkCore.csproj", "{DC780BC4-4EAC-4C63-9052-6F3169A59FA4}"
EndProject
Project("{9A19103F-16F7-4668-BE54-9A1E7A4F7556}") = "FireProtectionV1.Common", "src\FireProtectionV1.Common\FireProtectionV1.Common.csproj", "{C6DB4135-8D62-415B-BA11-A5F69587C2CF}"
EndProject
Project("{9A19103F-16F7-4668-BE54-9A1E7A4F7556}") = "FireProtectionV1.Migrator", "src\FireProtectionV1.Migrator\FireProtectionV1.Migrator.csproj", "{623F38AA-B22D-410E-A430-29EE27C68911}"
EndProject
Project("{9A19103F-16F7-4668-BE54-9A1E7A4F7556}") = "GovFire", "GovFire\GovFire.csproj", "{DE0F0775-04F8-4FF5-BA13-C2B170D97128}"
EndProject
Project("{9A19103F-16F7-4668-BE54-9A1E7A4F7556}") = "test", "test\test.csproj", "{00E6B408-8188-4029-A9EC-E7079ACBF8A1}"
EndProject
Global
	GlobalSection(SolutionConfigurationPlatforms) = preSolution
		Debug|Any CPU = Debug|Any CPU
		Release|Any CPU = Release|Any CPU
	EndGlobalSection
	GlobalSection(ProjectConfigurationPlatforms) = postSolution
		{A2213374-BB48-48FD-BBD4-81E6A961D866}.Debug|Any CPU.ActiveCfg = Debug|Any CPU
		{A2213374-BB48-48FD-BBD4-81E6A961D866}.Debug|Any CPU.Build.0 = Debug|Any CPU
		{A2213374-BB48-48FD-BBD4-81E6A961D866}.Release|Any CPU.ActiveCfg = Release|Any CPU
		{A2213374-BB48-48FD-BBD4-81E6A961D866}.Release|Any CPU.Build.0 = Release|Any CPU
		{0FA75A5B-AB83-4FD0-B545-279774C01E87}.Debug|Any CPU.ActiveCfg = Debug|Any CPU
		{0FA75A5B-AB83-4FD0-B545-279774C01E87}.Debug|Any CPU.Build.0 = Debug|Any CPU
		{0FA75A5B-AB83-4FD0-B545-279774C01E87}.Release|Any CPU.ActiveCfg = Release|Any CPU
		{0FA75A5B-AB83-4FD0-B545-279774C01E87}.Release|Any CPU.Build.0 = Release|Any CPU
		{3870C648-4AEA-4B85-BA3F-F2F63B96136A}.Debug|Any CPU.ActiveCfg = Debug|Any CPU
		{3870C648-4AEA-4B85-BA3F-F2F63B96136A}.Debug|Any CPU.Build.0 = Debug|Any CPU
		{3870C648-4AEA-4B85-BA3F-F2F63B96136A}.Release|Any CPU.ActiveCfg = Release|Any CPU
		{3870C648-4AEA-4B85-BA3F-F2F63B96136A}.Release|Any CPU.Build.0 = Release|Any CPU
		{DC780BC4-4EAC-4C63-9052-6F3169A59FA4}.Debug|Any CPU.ActiveCfg = Debug|Any CPU
		{DC780BC4-4EAC-4C63-9052-6F3169A59FA4}.Debug|Any CPU.Build.0 = Debug|Any CPU
		{DC780BC4-4EAC-4C63-9052-6F3169A59FA4}.Release|Any CPU.ActiveCfg = Release|Any CPU
		{DC780BC4-4EAC-4C63-9052-6F3169A59FA4}.Release|Any CPU.Build.0 = Release|Any CPU
		{C6DB4135-8D62-415B-BA11-A5F69587C2CF}.Debug|Any CPU.ActiveCfg = Debug|Any CPU
		{C6DB4135-8D62-415B-BA11-A5F69587C2CF}.Debug|Any CPU.Build.0 = Debug|Any CPU
		{C6DB4135-8D62-415B-BA11-A5F69587C2CF}.Release|Any CPU.ActiveCfg = Release|Any CPU
		{C6DB4135-8D62-415B-BA11-A5F69587C2CF}.Release|Any CPU.Build.0 = Release|Any CPU
		{623F38AA-B22D-410E-A430-29EE27C68911}.Debug|Any CPU.ActiveCfg = Debug|Any CPU
		{623F38AA-B22D-410E-A430-29EE27C68911}.Debug|Any CPU.Build.0 = Debug|Any CPU
		{623F38AA-B22D-410E-A430-29EE27C68911}.Release|Any CPU.ActiveCfg = Release|Any CPU
		{623F38AA-B22D-410E-A430-29EE27C68911}.Release|Any CPU.Build.0 = Release|Any CPU
		{DE0F0775-04F8-4FF5-BA13-C2B170D97128}.Debug|Any CPU.ActiveCfg = Debug|Any CPU
		{DE0F0775-04F8-4FF5-BA13-C2B170D97128}.Debug|Any CPU.Build.0 = Debug|Any CPU
		{DE0F0775-04F8-4FF5-BA13-C2B170D97128}.Release|Any CPU.ActiveCfg = Release|Any CPU
		{DE0F0775-04F8-4FF5-BA13-C2B170D97128}.Release|Any CPU.Build.0 = Release|Any CPU
		{00E6B408-8188-4029-A9EC-E7079ACBF8A1}.Debug|Any CPU.ActiveCfg = Debug|Any CPU
		{00E6B408-8188-4029-A9EC-E7079ACBF8A1}.Debug|Any CPU.Build.0 = Debug|Any CPU
		{00E6B408-8188-4029-A9EC-E7079ACBF8A1}.Release|Any CPU.ActiveCfg = Release|Any CPU
		{00E6B408-8188-4029-A9EC-E7079ACBF8A1}.Release|Any CPU.Build.0 = Release|Any CPU
	EndGlobalSection
	GlobalSection(SolutionProperties) = preSolution
		HideSolutionNode = FALSE
	EndGlobalSection
	GlobalSection(NestedProjects) = preSolution
		{A2213374-BB48-48FD-BBD4-81E6A961D866} = {AFAA0841-BD93-466F-B8F4-FB4EEC86F1FC}
		{0FA75A5B-AB83-4FD0-B545-279774C01E87} = {AFAA0841-BD93-466F-B8F4-FB4EEC86F1FC}
		{3870C648-4AEA-4B85-BA3F-F2F63B96136A} = {AFAA0841-BD93-466F-B8F4-FB4EEC86F1FC}
		{DC780BC4-4EAC-4C63-9052-6F3169A59FA4} = {AFAA0841-BD93-466F-B8F4-FB4EEC86F1FC}
		{C6DB4135-8D62-415B-BA11-A5F69587C2CF} = {AFAA0841-BD93-466F-B8F4-FB4EEC86F1FC}
		{623F38AA-B22D-410E-A430-29EE27C68911} = {AFAA0841-BD93-466F-B8F4-FB4EEC86F1FC}
		{DE0F0775-04F8-4FF5-BA13-C2B170D97128} = {AFAA0841-BD93-466F-B8F4-FB4EEC86F1FC}
		{00E6B408-8188-4029-A9EC-E7079ACBF8A1} = {AFAA0841-BD93-466F-B8F4-FB4EEC86F1FC}
	EndGlobalSection
	GlobalSection(ExtensibilityGlobals) = postSolution
		SolutionGuid = {EBE68CA0-E446-4E9E-85DA-283605035966}
	EndGlobalSection
EndGlobal
